// !$*UTF8*$!
{
	archiveVersion = 1;
	classes = {
	};
	objectVersion = 46;
	objects = {

/* Begin PBXBuildFile section */
		8AC063F01CAAAAF9001423EA /* AppDelegate.swift in Sources */ = {isa = PBXBuildFile; fileRef = 8AC063EF1CAAAAF9001423EA /* AppDelegate.swift */; };
		8AC063F21CAAAAF9001423EA /* ViewController.swift in Sources */ = {isa = PBXBuildFile; fileRef = 8AC063F11CAAAAF9001423EA /* ViewController.swift */; };
		8AC063F51CAAAAF9001423EA /* Main.storyboard in Resources */ = {isa = PBXBuildFile; fileRef = 8AC063F31CAAAAF9001423EA /* Main.storyboard */; };
		8AC063F71CAAAAFA001423EA /* Assets.xcassets in Resources */ = {isa = PBXBuildFile; fileRef = 8AC063F61CAAAAFA001423EA /* Assets.xcassets */; };
		8AC063FA1CAAAAFA001423EA /* LaunchScreen.storyboard in Resources */ = {isa = PBXBuildFile; fileRef = 8AC063F81CAAAAFA001423EA /* LaunchScreen.storyboard */; };
		8AC064051CAAAAFA001423EA /* DateOfBirthValidatorSwiftUITests.swift in Sources */ = {isa = PBXBuildFile; fileRef = 8AC064041CAAAAFA001423EA /* DateOfBirthValidatorSwiftUITests.swift */; };
		8AC064101CAAB102001423EA /* logo.png in Resources */ = {isa = PBXBuildFile; fileRef = 8AC0640F1CAAB102001423EA /* logo.png */; };
/* End PBXBuildFile section */

/* Begin PBXContainerItemProxy section */
		8AC064011CAAAAFA001423EA /* PBXContainerItemProxy */ = {
			isa = PBXContainerItemProxy;
			containerPortal = 8AC063E41CAAAAF8001423EA /* Project object */;
			proxyType = 1;
			remoteGlobalIDString = 8AC063EB1CAAAAF9001423EA;
			remoteInfo = DateOfBirthValidatorSwift;
		};
/* End PBXContainerItemProxy section */

/* Begin PBXFileReference section */
		8AC063EC1CAAAAF9001423EA /* DateOfBirthValidatorSwift.app */ = {isa = PBXFileReference; explicitFileType = wrapper.application; includeInIndex = 0; path = DateOfBirthValidatorSwift.app; sourceTree = BUILT_PRODUCTS_DIR; };
		8AC063EF1CAAAAF9001423EA /* AppDelegate.swift */ = {isa = PBXFileReference; lastKnownFileType = sourcecode.swift; path = AppDelegate.swift; sourceTree = "<group>"; };
		8AC063F11CAAAAF9001423EA /* ViewController.swift */ = {isa = PBXFileReference; lastKnownFileType = sourcecode.swift; path = ViewController.swift; sourceTree = "<group>"; };
		8AC063F41CAAAAF9001423EA /* Base */ = {isa = PBXFileReference; lastKnownFileType = file.storyboard; name = Base; path = Base.lproj/Main.storyboard; sourceTree = "<group>"; };
		8AC063F61CAAAAFA001423EA /* Assets.xcassets */ = {isa = PBXFileReference; lastKnownFileType = folder.assetcatalog; path = Assets.xcassets; sourceTree = "<group>"; };
		8AC063F91CAAAAFA001423EA /* Base */ = {isa = PBXFileReference; lastKnownFileType = file.storyboard; name = Base; path = Base.lproj/LaunchScreen.storyboard; sourceTree = "<group>"; };
		8AC063FB1CAAAAFA001423EA /* Info.plist */ = {isa = PBXFileReference; lastKnownFileType = text.plist.xml; path = Info.plist; sourceTree = "<group>"; };
		8AC064001CAAAAFA001423EA /* DateOfBirthValidatorSwiftUITests.xctest */ = {isa = PBXFileReference; explicitFileType = wrapper.cfbundle; includeInIndex = 0; path = DateOfBirthValidatorSwiftUITests.xctest; sourceTree = BUILT_PRODUCTS_DIR; };
		8AC064041CAAAAFA001423EA /* DateOfBirthValidatorSwiftUITests.swift */ = {isa = PBXFileReference; lastKnownFileType = sourcecode.swift; path = DateOfBirthValidatorSwiftUITests.swift; sourceTree = "<group>"; };
		8AC064061CAAAAFA001423EA /* Info.plist */ = {isa = PBXFileReference; lastKnownFileType = text.plist.xml; path = Info.plist; sourceTree = "<group>"; };
		8AC0640F1CAAB102001423EA /* logo.png */ = {isa = PBXFileReference; lastKnownFileType = image.png; path = logo.png; sourceTree = "<group>"; };
/* End PBXFileReference section */

/* Begin PBXFrameworksBuildPhase section */
		8AC063E91CAAAAF9001423EA /* Frameworks */ = {
			isa = PBXFrameworksBuildPhase;
			buildActionMask = 2147483647;
			files = (
			);
			runOnlyForDeploymentPostprocessing = 0;
		};
		8AC063FD1CAAAAFA001423EA /* Frameworks */ = {
			isa = PBXFrameworksBuildPhase;
			buildActionMask = 2147483647;
			files = (
			);
			runOnlyForDeploymentPostprocessing = 0;
		};
/* End PBXFrameworksBuildPhase section */

/* Begin PBXGroup section */
		8AC063E31CAAAAF8001423EA = {
			isa = PBXGroup;
			children = (
				8AC063EE1CAAAAF9001423EA /* DateOfBirthValidatorSwift */,
				8AC064031CAAAAFA001423EA /* DateOfBirthValidatorSwiftUITests */,
				8AC063ED1CAAAAF9001423EA /* Products */,
			);
			sourceTree = "<group>";
		};
		8AC063ED1CAAAAF9001423EA /* Products */ = {
			isa = PBXGroup;
			children = (
				8AC063EC1CAAAAF9001423EA /* DateOfBirthValidatorSwift.app */,
				8AC064001CAAAAFA001423EA /* DateOfBirthValidatorSwiftUITests.xctest */,
			);
			name = Products;
			sourceTree = "<group>";
		};
		8AC063EE1CAAAAF9001423EA /* DateOfBirthValidatorSwift */ = {
			isa = PBXGroup;
			children = (
				8AC0640F1CAAB102001423EA /* logo.png */,
				8AC063EF1CAAAAF9001423EA /* AppDelegate.swift */,
				8AC063F11CAAAAF9001423EA /* ViewController.swift */,
				8AC063F31CAAAAF9001423EA /* Main.storyboard */,
				8AC063F61CAAAAFA001423EA /* Assets.xcassets */,
				8AC063F81CAAAAFA001423EA /* LaunchScreen.storyboard */,
				8AC063FB1CAAAAFA001423EA /* Info.plist */,
			);
			path = DateOfBirthValidatorSwift;
			sourceTree = "<group>";
		};
		8AC064031CAAAAFA001423EA /* DateOfBirthValidatorSwiftUITests */ = {
			isa = PBXGroup;
			children = (
				8AC064041CAAAAFA001423EA /* DateOfBirthValidatorSwiftUITests.swift */,
				8AC064061CAAAAFA001423EA /* Info.plist */,
			);
			path = DateOfBirthValidatorSwiftUITests;
			sourceTree = "<group>";
		};
/* End PBXGroup section */

/* Begin PBXNativeTarget section */
		8AC063EB1CAAAAF9001423EA /* DateOfBirthValidatorSwift */ = {
			isa = PBXNativeTarget;
			buildConfigurationList = 8AC064091CAAAAFA001423EA /* Build configuration list for PBXNativeTarget "DateOfBirthValidatorSwift" */;
			buildPhases = (
				8AC063E81CAAAAF9001423EA /* Sources */,
				8AC063E91CAAAAF9001423EA /* Frameworks */,
				8AC063EA1CAAAAF9001423EA /* Resources */,
			);
			buildRules = (
			);
			dependencies = (
			);
			name = DateOfBirthValidatorSwift;
			productName = DateOfBirthValidatorSwift;
			productReference = 8AC063EC1CAAAAF9001423EA /* DateOfBirthValidatorSwift.app */;
			productType = "com.apple.product-type.application";
		};
		8AC063FF1CAAAAFA001423EA /* DateOfBirthValidatorSwiftUITests */ = {
			isa = PBXNativeTarget;
			buildConfigurationList = 8AC0640C1CAAAAFA001423EA /* Build configuration list for PBXNativeTarget "DateOfBirthValidatorSwiftUITests" */;
			buildPhases = (
				8AC063FC1CAAAAFA001423EA /* Sources */,
				8AC063FD1CAAAAFA001423EA /* Frameworks */,
				8AC063FE1CAAAAFA001423EA /* Resources */,
			);
			buildRules = (
			);
			dependencies = (
				8AC064021CAAAAFA001423EA /* PBXTargetDependency */,
			);
			name = DateOfBirthValidatorSwiftUITests;
			productName = DateOfBirthValidatorSwiftUITests;
			productReference = 8AC064001CAAAAFA001423EA /* DateOfBirthValidatorSwiftUITests.xctest */;
			productType = "com.apple.product-type.bundle.ui-testing";
		};
/* End PBXNativeTarget section */

/* Begin PBXProject section */
		8AC063E41CAAAAF8001423EA /* Project object */ = {
			isa = PBXProject;
			attributes = {
				LastSwiftUpdateCheck = 0720;
				LastUpgradeCheck = 0720;
				ORGANIZATIONNAME = Inwizards;
				TargetAttributes = {
					8AC063EB1CAAAAF9001423EA = {
						CreatedOnToolsVersion = 7.2;
					};
					8AC063FF1CAAAAFA001423EA = {
						CreatedOnToolsVersion = 7.2;
						TestTargetID = 8AC063EB1CAAAAF9001423EA;
					};
				};
			};
			buildConfigurationList = 8AC063E71CAAAAF8001423EA /* Build configuration list for PBXProject "DateOfBirthValidatorSwift" */;
			compatibilityVersion = "Xcode 3.2";
			developmentRegion = English;
			hasScannedForEncodings = 0;
			knownRegions = (
				en,
				Base,
			);
			mainGroup = 8AC063E31CAAAAF8001423EA;
			productRefGroup = 8AC063ED1CAAAAF9001423EA /* Products */;
			projectDirPath = "";
			projectRoot = "";
			targets = (
				8AC063EB1CAAAAF9001423EA /* DateOfBirthValidatorSwift */,
				8AC063FF1CAAAAFA001423EA /* DateOfBirthValidatorSwiftUITests */,
			);
		};
/* End PBXProject section */

/* Begin PBXResourcesBuildPhase section */
		8AC063EA1CAAAAF9001423EA /* Resources */ = {
			isa = PBXResourcesBuildPhase;
			buildActionMask = 2147483647;
			files = (
				8AC064101CAAB102001423EA /* logo.png in Resources */,
				8AC063FA1CAAAAFA001423EA /* LaunchScreen.storyboard in Resources */,
				8AC063F71CAAAAFA001423EA /* Assets.xcassets in Resources */,
				8AC063F51CAAAAF9001423EA /* Main.storyboard in Resources */,
			);
			runOnlyForDeploymentPostprocessing = 0;
		};
		8AC063FE1CAAAAFA001423EA /* Resources */ = {
			isa = PBXResourcesBuildPhase;
			buildActionMask = 2147483647;
			files = (
			);
			runOnlyForDeploymentPostprocessing = 0;
		};
/* End PBXResourcesBuildPhase section */

/* Begin PBXSourcesBuildPhase section */
		8AC063E81CAAAAF9001423EA /* Sources */ = {
			isa = PBXSourcesBuildPhase;
			buildActionMask = 2147483647;
			files = (
				8AC063F21CAAAAF9001423EA /* ViewController.swift in Sources */,
				8AC063F01CAAAAF9001423EA /* AppDelegate.swift in Sources */,
			);
			runOnlyForDeploymentPostprocessing = 0;
		};
		8AC063FC1CAAAAFA001423EA /* Sources */ = {
			isa = PBXSourcesBuildPhase;
			buildActionMask = 2147483647;
			files = (
				8AC064051CAAAAFA001423EA /* DateOfBirthValidatorSwiftUITests.swift in Sources */,
			);
			runOnlyForDeploymentPostprocessing = 0;
		};
/* End PBXSourcesBuildPhase section */

/* Begin PBXTargetDependency section */
		8AC064021CAAAAFA001423EA /* PBXTargetDependency */ = {
			isa = PBXTargetDependency;
			target = 8AC063EB1CAAAAF9001423EA /* DateOfBirthValidatorSwift */;
			targetProxy = 8AC064011CAAAAFA001423EA /* PBXContainerItemProxy */;
		};
/* End PBXTargetDependency section */

/* Begin PBXVariantGroup section */
		8AC063F31CAAAAF9001423EA /* Main.storyboard */ = {
			isa = PBXVariantGroup;
			children = (
				8AC063F41CAAAAF9001423EA /* Base */,
			);
			name = Main.storyboard;
			sourceTree = "<group>";
		};
		8AC063F81CAAAAFA001423EA /* LaunchScreen.storyboard */ = {
			isa = PBXVariantGroup;
			children = (
				8AC063F91CAAAAFA001423EA /* Base */,
			);
			name = LaunchScreen.storyboard;
			sourceTree = "<group>";
		};
/* End PBXVariantGroup section */

/* Begin XCBuildConfiguration section */
		8AC064071CAAAAFA001423EA /* Debug */ = {
			isa = XCBuildConfiguration;
			buildSettings = {
				ALWAYS_SEARCH_USER_PATHS = NO;
				CLANG_CXX_LANGUAGE_STANDARD = "gnu++0x";
				CLANG_CXX_LIBRARY = "libc++";
				CLANG_ENABLE_MODULES = YES;
				CLANG_ENABLE_OBJC_ARC = YES;
				CLANG_WARN_BOOL_CONVERSION = YES;
				CLANG_WARN_CONSTANT_CONVERSION = YES;
				CLANG_WARN_DIRECT_OBJC_ISA_USAGE = YES_ERROR;
				CLANG_WARN_EMPTY_BODY = YES;
				CLANG_WARN_ENUM_CONVERSION = YES;
				CLANG_WARN_INT_CONVERSION = YES;
				CLANG_WARN_OBJC_ROOT_CLASS = YES_ERROR;
				CLANG_WARN_UNREACHABLE_CODE = YES;
				CLANG_WARN__DUPLICATE_METHOD_MATCH = YES;
				"CODE_SIGN_IDENTITY[sdk=iphoneos*]" = "iPhone Developer";
				COPY_PHASE_STRIP = NO;
				DEBUG_INFORMATION_FORMAT = dwarf;
				ENABLE_STRICT_OBJC_MSGSEND = YES;
				ENABLE_TESTABILITY = YES;
				GCC_C_LANGUAGE_STANDARD = gnu99;
				GCC_DYNAMIC_NO_PIC = NO;
				GCC_NO_COMMON_BLOCKS = YES;
				GCC_OPTIMIZATION_LEVEL = 0;
				GCC_PREPROCESSOR_DEFINITIONS = (
					"DEBUG=1",
					"$(inherited)",
				);
				GCC_WARN_64_TO_32_BIT_CONVERSION = YES;
				GCC_WARN_ABOUT_RETURN_TYPE = YES_ERROR;
				GCC_WARN_UNDECLARED_SELECTOR = YES;
				GCC_WARN_UNINITIALIZED_AUTOS = YES_AGGRESSIVE;
				GCC_WARN_UNUSED_FUNCTION = YES;
				GCC_WARN_UNUSED_VARIABLE = YES;
				IPHONEOS_DEPLOYMENT_TARGET = 9.2;
				MTL_ENABLE_DEBUG_INFO = YES;
				ONLY_ACTIVE_ARCH = YES;
				SDKROOT = iphoneos;
				SWIFT_OPTIMIZATION_LEVEL = "-Onone";
			};
			name = Debug;
		};
		8AC064081CAAAAFA001423EA /* Release */ = {
			isa = XCBuildConfiguration;
			buildSettings = {
				ALWAYS_SEARCH_USER_PATHS = NO;
				CLANG_CXX_LANGUAGE_STANDARD = "gnu++0x";
				CLANG_CXX_LIBRARY = "libc++";
				CLANG_ENABLE_MODULES = YES;
				CLANG_ENABLE_OBJC_ARC = YES;
				CLANG_WARN_BOOL_CONVERSION = YES;
				CLANG_WARN_CONSTANT_CONVERSION = YES;
				CLANG_WARN_DIRECT_OBJC_ISA_USAGE = YES_ERROR;
				CLANG_WARN_EMPTY_BODY = YES;
				CLANG_WARN_ENUM_CONVERSION = YES;
				CLANG_WARN_INT_CONVERSION = YES;
				CLANG_WARN_OBJC_ROOT_CLASS = YES_ERROR;
				CLANG_WARN_UNREACHABLE_CODE = YES;
				CLANG_WARN__DUPLICATE_METHOD_MATCH = YES;
				"CODE_SIGN_IDENTITY[sdk=iphoneos*]" = "iPhone Developer";
				COPY_PHASE_STRIP = NO;
				DEBUG_INFORMATION_FORMAT = "dwarf-with-dsym";
				ENABLE_NS_ASSERTIONS = NO;
				ENABLE_STRICT_OBJC_MSGSEND = YES;
				GCC_C_LANGUAGE_STANDARD = gnu99;
				GCC_NO_COMMON_BLOCKS = YES;
				GCC_WARN_64_TO_32_BIT_CONVERSION = YES;
				GCC_WARN_ABOUT_RETURN_TYPE = YES_ERROR;
				GCC_WARN_UNDECLARED_SELECTOR = YES;
				GCC_WARN_UNINITIALIZED_AUTOS = YES_AGGRESSIVE;
				GCC_WARN_UNUSED_FUNCTION = YES;
				GCC_WARN_UNUSED_VARIABLE = YES;
				IPHONEOS_DEPLOYMENT_TARGET = 9.2;
				MTL_ENABLE_DEBUG_INFO = NO;
				SDKROOT = iphoneos;
				VALIDATE_PRODUCT = YES;
			};
			name = Release;
		};
		8AC0640A1CAAAAFA001423EA /* Debug */ = {
			isa = XCBuildConfiguration;
			buildSettings = {
				ASSETCATALOG_COMPILER_APPICON_NAME = AppIcon;
				INFOPLIST_FILE = DateOfBirthValidatorSwift/Info.plist;
				IPHONEOS_DEPLOYMENT_TARGET = 8.0;
				LD_RUNPATH_SEARCH_PATHS = "$(inherited) @executable_path/Frameworks";
				PRODUCT_BUNDLE_IDENTIFIER = com.inw.DateOfBirthValidatorSwift;
				PRODUCT_NAME = "$(TARGET_NAME)";
			};
			name = Debug;
		};
		8AC0640B1CAAAAFA001423EA /* Release */ = {
			isa = XCBuildConfiguration;
			buildSettings = {
				ASSETCATALOG_COMPILER_APPICON_NAME = AppIcon;
				INFOPLIST_FILE = DateOfBirthValidatorSwift/Info.plist;
				IPHONEOS_DEPLOYMENT_TARGET = 8.0;
				LD_RUNPATH_SEARCH_PATHS = "$(inherited) @executable_path/Frameworks";
				PRODUCT_BUNDLE_IDENTIFIER = com.inw.DateOfBirthValidatorSwift;
				PRODUCT_NAME = "$(TARGET_NAME)";
			};
			name = Release;
		};
		8AC0640D1CAAAAFA001423EA /* Debug */ = {
			isa = XCBuildConfiguration;
			buildSettings = {
				INFOPLIST_FILE = DateOfBirthValidatorSwiftUITests/Info.plist;
				LD_RUNPATH_SEARCH_PATHS = "$(inherited) @executable_path/Frameworks @loader_path/Frameworks";
				PRODUCT_BUNDLE_IDENTIFIER = com.inw.DateOfBirthValidatorSwiftUITests;
				PRODUCT_NAME = "$(TARGET_NAME)";
				TEST_TARGET_NAME = DateOfBirthValidatorSwift;
				USES_XCTRUNNER = YES;
			};
			name = Debug;
		};
		8AC0640E1CAAAAFA001423EA /* Release */ = {
			isa = XCBuildConfiguration;
			buildSettings = {
				INFOPLIST_FILE = DateOfBirthValidatorSwiftUITests/Info.plist;
				LD_RUNPATH_SEARCH_PATHS = "$(inherited) @executable_path/Frameworks @loader_path/Frameworks";
				PRODUCT_BUNDLE_IDENTIFIER = com.inw.DateOfBirthValidatorSwiftUITests;
				PRODUCT_NAME = "$(TARGET_NAME)";
				TEST_TARGET_NAME = DateOfBirthValidatorSwift;
				USES_XCTRUNNER = YES;
			};
			name = Release;
		};
/* End XCBuildConfiguration section */

/* Begin XCConfigurationList section */
		8AC063E71CAAAAF8001423EA /* Build configuration list for PBXProject "DateOfBirthValidatorSwift" */ = {
			isa = XCConfigurationList;
			buildConfigurations = (
				8AC064071CAAAAFA001423EA /* Debug */,
				8AC064081CAAAAFA001423EA /* Release */,
			);
			defaultConfigurationIsVisible = 0;
			defaultConfigurationName = Release;
		};
		8AC064091CAAAAFA001423EA /* Build configuration list for PBXNativeTarget "DateOfBirthValidatorSwift" */ = {
			isa = XCConfigurationList;
			buildConfigurations = (
				8AC0640A1CAAAAFA001423EA /* Debug */,
				8AC0640B1CAAAAFA001423EA /* Release */,
			);
			defaultConfigurationIsVisible = 0;
		};
		8AC0640C1CAAAAFA001423EA /* Build configuration list for PBXNativeTarget "DateOfBirthValidatorSwiftUITests" */ = {
			isa = XCConfigurationList;
			buildConfigurations = (
				8AC0640D1CAAAAFA001423EA /* Debug */,
				8AC0640E1CAAAAFA001423EA /* Release */,
			);
			defaultConfigurationIsVisible = 0;
		};
/* End XCConfigurationList section */
	};
	rootObject = 8AC063E41CAAAAF8001423EA /* Project object */;
}
